
Microsoft Visual Studio Solution File, Format Version 12.00
Project("{FAE04EC0-301F-11D3-BF4B-00C04F79EFBC}") = "BaseBenchmark", "BaseBenchmark\BaseBenchmark.csproj", "{EBA45976-F8BA-4268-AAB0-BB03349C4960}"
EndProject
Global
	GlobalSection(SolutionConfigurationPlatforms) = preSolution
		Debug|Any CPU = Debug|Any CPU
		Release|Any CPU = Release|Any CPU
	EndGlobalSection
	GlobalSection(ProjectConfigurationPlatforms) = postSolution
		{EBA45976-F8BA-4268-AAB0-BB03349C4960}.Debug|Any CPU.ActiveCfg = Debug|Any CPU
		{EBA45976-F8BA-4268-AAB0-BB03349C4960}.Debug|Any CPU.Build.0 = Debug|Any CPU
		{EBA45976-F8BA-4268-AAB0-BB03349C4960}.Release|Any CPU.ActiveCfg = Release|Any CPU
		{EBA45976-F8BA-4268-AAB0-BB03349C4960}.Release|Any CPU.Build.0 = Release|Any CPU
	EndGlobalSection
EndGlobal
